// !$*UTF8*$!
{
	archiveVersion = 1;
	classes = {
	};
	objectVersion = 46;
	objects = {

/* Begin PBXBuildFile section */
		422771051CEC64A2008C9A41 /* AppDelegate.swift in Sources */ = {isa = PBXBuildFile; fileRef = 422771041CEC64A2008C9A41 /* AppDelegate.swift */; };
		422771071CEC64A2008C9A41 /* ViewController.swift in Sources */ = {isa = PBXBuildFile; fileRef = 422771061CEC64A2008C9A41 /* ViewController.swift */; };
		4227710C1CEC64A2008C9A41 /* Assets.xcassets in Resources */ = {isa = PBXBuildFile; fileRef = 4227710B1CEC64A2008C9A41 /* Assets.xcassets */; };
		4227710F1CEC64A2008C9A41 /* LaunchScreen.storyboard in Resources */ = {isa = PBXBuildFile; fileRef = 4227710D1CEC64A2008C9A41 /* LaunchScreen.storyboard */; };
		422771191CEC659D008C9A41 /* LandingViewController.swift in Sources */ = {isa = PBXBuildFile; fileRef = 422771171CEC659D008C9A41 /* LandingViewController.swift */; };
		4227711A1CEC659D008C9A41 /* LandingViewController.xib in Resources */ = {isa = PBXBuildFile; fileRef = 422771181CEC659D008C9A41 /* LandingViewController.xib */; };
		4227711D1CEC7000008C9A41 /* LoginViewController.swift in Sources */ = {isa = PBXBuildFile; fileRef = 4227711B1CEC7000008C9A41 /* LoginViewController.swift */; };
		4227711E1CEC7000008C9A41 /* LoginViewController.xib in Resources */ = {isa = PBXBuildFile; fileRef = 4227711C1CEC7000008C9A41 /* LoginViewController.xib */; };
		422771211CEC7443008C9A41 /* RegistrationViewController.swift in Sources */ = {isa = PBXBuildFile; fileRef = 4227711F1CEC7443008C9A41 /* RegistrationViewController.swift */; };
		422771221CEC7443008C9A41 /* RegistrationViewController.xib in Resources */ = {isa = PBXBuildFile; fileRef = 422771201CEC7443008C9A41 /* RegistrationViewController.xib */; };
		422771251CEC74ED008C9A41 /* PinEntryViewController.swift in Sources */ = {isa = PBXBuildFile; fileRef = 422771231CEC74ED008C9A41 /* PinEntryViewController.swift */; };
		422771261CEC74ED008C9A41 /* PinEntryViewController.xib in Resources */ = {isa = PBXBuildFile; fileRef = 422771241CEC74ED008C9A41 /* PinEntryViewController.xib */; };
/* End PBXBuildFile section */

/* Begin PBXFileReference section */
		422771011CEC64A2008C9A41 /* Onboarding.app */ = {isa = PBXFileReference; explicitFileType = wrapper.application; includeInIndex = 0; path = Onboarding.app; sourceTree = BUILT_PRODUCTS_DIR; };
		422771041CEC64A2008C9A41 /* AppDelegate.swift */ = {isa = PBXFileReference; lastKnownFileType = sourcecode.swift; path = AppDelegate.swift; sourceTree = "<group>"; };
		422771061CEC64A2008C9A41 /* ViewController.swift */ = {isa = PBXFileReference; lastKnownFileType = sourcecode.swift; path = ViewController.swift; sourceTree = "<group>"; };
		4227710B1CEC64A2008C9A41 /* Assets.xcassets */ = {isa = PBXFileReference; lastKnownFileType = folder.assetcatalog; path = Assets.xcassets; sourceTree = "<group>"; };
		4227710E1CEC64A2008C9A41 /* Base */ = {isa = PBXFileReference; lastKnownFileType = file.storyboard; name = Base; path = Base.lproj/LaunchScreen.storyboard; sourceTree = "<group>"; };
		422771101CEC64A2008C9A41 /* Info.plist */ = {isa = PBXFileReference; lastKnownFileType = text.plist.xml; path = Info.plist; sourceTree = "<group>"; };
		422771171CEC659D008C9A41 /* LandingViewController.swift */ = {isa = PBXFileReference; fileEncoding = 4; lastKnownFileType = sourcecode.swift; name = LandingViewController.swift; path = screens/LandingViewController.swift; sourceTree = "<group>"; };
		422771181CEC659D008C9A41 /* LandingViewController.xib */ = {isa = PBXFileReference; fileEncoding = 4; lastKnownFileType = file.xib; name = LandingViewController.xib; path = screens/LandingViewController.xib; sourceTree = "<group>"; };
		4227711B1CEC7000008C9A41 /* LoginViewController.swift */ = {isa = PBXFileReference; fileEncoding = 4; lastKnownFileType = sourcecode.swift; name = LoginViewController.swift; path = screens/LoginViewController.swift; sourceTree = "<group>"; };
		4227711C1CEC7000008C9A41 /* LoginViewController.xib */ = {isa = PBXFileReference; fileEncoding = 4; lastKnownFileType = file.xib; name = LoginViewController.xib; path = screens/LoginViewController.xib; sourceTree = "<group>"; };
		4227711F1CEC7443008C9A41 /* RegistrationViewController.swift */ = {isa = PBXFileReference; fileEncoding = 4; lastKnownFileType = sourcecode.swift; path = RegistrationViewController.swift; sourceTree = "<group>"; };
		422771201CEC7443008C9A41 /* RegistrationViewController.xib */ = {isa = PBXFileReference; fileEncoding = 4; lastKnownFileType = file.xib; path = RegistrationViewController.xib; sourceTree = "<group>"; };
		422771231CEC74ED008C9A41 /* PinEntryViewController.swift */ = {isa = PBXFileReference; fileEncoding = 4; lastKnownFileType = sourcecode.swift; name = PinEntryViewController.swift; path = screens/PinEntryViewController.swift; sourceTree = "<group>"; };
		422771241CEC74ED008C9A41 /* PinEntryViewController.xib */ = {isa = PBXFileReference; fileEncoding = 4; lastKnownFileType = file.xib; name = PinEntryViewController.xib; path = screens/PinEntryViewController.xib; sourceTree = "<group>"; };
/* End PBXFileReference section */

/* Begin PBXFrameworksBuildPhase section */
		422770FE1CEC64A2008C9A41 /* Frameworks */ = {
			isa = PBXFrameworksBuildPhase;
			buildActionMask = 2147483647;
			files = (
			);
			runOnlyForDeploymentPostprocessing = 0;
		};
/* End PBXFrameworksBuildPhase section */

/* Begin PBXGroup section */
		422770F81CEC64A2008C9A41 = {
			isa = PBXGroup;
			children = (
				422771031CEC64A2008C9A41 /* Onboarding */,
				422771021CEC64A2008C9A41 /* Products */,
			);
			sourceTree = "<group>";
		};
		422771021CEC64A2008C9A41 /* Products */ = {
			isa = PBXGroup;
			children = (
				422771011CEC64A2008C9A41 /* Onboarding.app */,
			);
			name = Products;
			sourceTree = "<group>";
		};
		422771031CEC64A2008C9A41 /* Onboarding */ = {
			isa = PBXGroup;
			children = (
				422771161CEC6569008C9A41 /* Screens */,
				422771041CEC64A2008C9A41 /* AppDelegate.swift */,
				422771061CEC64A2008C9A41 /* ViewController.swift */,
				4227710B1CEC64A2008C9A41 /* Assets.xcassets */,
				4227710D1CEC64A2008C9A41 /* LaunchScreen.storyboard */,
				422771101CEC64A2008C9A41 /* Info.plist */,
			);
			path = Onboarding;
			sourceTree = "<group>";
		};
		422771161CEC6569008C9A41 /* Screens */ = {
			isa = PBXGroup;
			children = (
				422771231CEC74ED008C9A41 /* PinEntryViewController.swift */,
				422771241CEC74ED008C9A41 /* PinEntryViewController.xib */,
				422771171CEC659D008C9A41 /* LandingViewController.swift */,
				422771181CEC659D008C9A41 /* LandingViewController.xib */,
				4227711B1CEC7000008C9A41 /* LoginViewController.swift */,
				4227711C1CEC7000008C9A41 /* LoginViewController.xib */,
				4227711F1CEC7443008C9A41 /* RegistrationViewController.swift */,
				422771201CEC7443008C9A41 /* RegistrationViewController.xib */,
			);
			name = Screens;
			sourceTree = "<group>";
		};
/* End PBXGroup section */

/* Begin PBXNativeTarget section */
		422771001CEC64A2008C9A41 /* Onboarding */ = {
			isa = PBXNativeTarget;
			buildConfigurationList = 422771131CEC64A2008C9A41 /* Build configuration list for PBXNativeTarget "Onboarding" */;
			buildPhases = (
				422770FD1CEC64A2008C9A41 /* Sources */,
				422770FE1CEC64A2008C9A41 /* Frameworks */,
				422770FF1CEC64A2008C9A41 /* Resources */,
			);
			buildRules = (
			);
			dependencies = (
			);
			name = Onboarding;
			productName = Onboarding;
			productReference = 422771011CEC64A2008C9A41 /* Onboarding.app */;
			productType = "com.apple.product-type.application";
		};
/* End PBXNativeTarget section */

/* Begin PBXProject section */
		422770F91CEC64A2008C9A41 /* Project object */ = {
			isa = PBXProject;
			attributes = {
				LastSwiftUpdateCheck = 0730;
				LastUpgradeCheck = 0730;
				ORGANIZATIONNAME = "Julian Hulme";
				TargetAttributes = {
					422771001CEC64A2008C9A41 = {
						CreatedOnToolsVersion = 7.3.1;
					};
				};
			};
			buildConfigurationList = 422770FC1CEC64A2008C9A41 /* Build configuration list for PBXProject "Onboarding" */;
			compatibilityVersion = "Xcode 3.2";
			developmentRegion = English;
			hasScannedForEncodings = 0;
			knownRegions = (
				en,
				Base,
			);
			mainGroup = 422770F81CEC64A2008C9A41;
			productRefGroup = 422771021CEC64A2008C9A41 /* Products */;
			projectDirPath = "";
			projectRoot = "";
			targets = (
				422771001CEC64A2008C9A41 /* Onboarding */,
			);
		};
/* End PBXProject section */

/* Begin PBXResourcesBuildPhase section */
		422770FF1CEC64A2008C9A41 /* Resources */ = {
			isa = PBXResourcesBuildPhase;
			buildActionMask = 2147483647;
			files = (
				422771221CEC7443008C9A41 /* RegistrationViewController.xib in Resources */,
				4227711E1CEC7000008C9A41 /* LoginViewController.xib in Resources */,
				4227710F1CEC64A2008C9A41 /* LaunchScreen.storyboard in Resources */,
				422771261CEC74ED008C9A41 /* PinEntryViewController.xib in Resources */,
				4227710C1CEC64A2008C9A41 /* Assets.xcassets in Resources */,
				4227711A1CEC659D008C9A41 /* LandingViewController.xib in Resources */,
			);
			runOnlyForDeploymentPostprocessing = 0;
		};
/* End PBXResourcesBuildPhase section */

/* Begin PBXSourcesBuildPhase section */
		422770FD1CEC64A2008C9A41 /* Sources */ = {
			isa = PBXSourcesBuildPhase;
			buildActionMask = 2147483647;
			files = (
				4227711D1CEC7000008C9A41 /* LoginViewController.swift in Sources */,
				422771071CEC64A2008C9A41 /* ViewController.swift in Sources */,
				422771191CEC659D008C9A41 /* LandingViewController.swift in Sources */,
				422771251CEC74ED008C9A41 /* PinEntryViewController.swift in Sources */,
				422771051CEC64A2008C9A41 /* AppDelegate.swift in Sources */,
				422771211CEC7443008C9A41 /* RegistrationViewController.swift in Sources */,
			);
			runOnlyForDeploymentPostprocessing = 0;
		};
/* End PBXSourcesBuildPhase section */

/* Begin PBXVariantGroup section */
		4227710D1CEC64A2008C9A41 /* LaunchScreen.storyboard */ = {
			isa = PBXVariantGroup;
			children = (
				4227710E1CEC64A2008C9A41 /* Base */,
			);
			name = LaunchScreen.storyboard;
			sourceTree = "<group>";
		};
/* End PBXVariantGroup section */

/* Begin XCBuildConfiguration section */
		422771111CEC64A2008C9A41 /* Debug */ = {
			isa = XCBuildConfiguration;
			buildSettings = {
				ALWAYS_SEARCH_USER_PATHS = NO;
				CLANG_ANALYZER_NONNULL = YES;
				CLANG_CXX_LANGUAGE_STANDARD = "gnu++0x";
				CLANG_CXX_LIBRARY = "libc++";
				CLANG_ENABLE_MODULES = YES;
				CLANG_ENABLE_OBJC_ARC = YES;
				CLANG_WARN_BOOL_CONVERSION = YES;
				CLANG_WARN_CONSTANT_CONVERSION = YES;
				CLANG_WARN_DIRECT_OBJC_ISA_USAGE = YES_ERROR;
				CLANG_WARN_EMPTY_BODY = YES;
				CLANG_WARN_ENUM_CONVERSION = YES;
				CLANG_WARN_INT_CONVERSION = YES;
				CLANG_WARN_OBJC_ROOT_CLASS = YES_ERROR;
				CLANG_WARN_UNREACHABLE_CODE = YES;
				CLANG_WARN__DUPLICATE_METHOD_MATCH = YES;
				"CODE_SIGN_IDENTITY[sdk=iphoneos*]" = "iPhone Developer";
				COPY_PHASE_STRIP = NO;
				DEBUG_INFORMATION_FORMAT = dwarf;
				ENABLE_STRICT_OBJC_MSGSEND = YES;
				ENABLE_TESTABILITY = YES;
				GCC_C_LANGUAGE_STANDARD = gnu99;
				GCC_DYNAMIC_NO_PIC = NO;
				GCC_NO_COMMON_BLOCKS = YES;
				GCC_OPTIMIZATION_LEVEL = 0;
				GCC_PREPROCESSOR_DEFINITIONS = (
					"DEBUG=1",
					"$(inherited)",
				);
				GCC_WARN_64_TO_32_BIT_CONVERSION = YES;
				GCC_WARN_ABOUT_RETURN_TYPE = YES_ERROR;
				GCC_WARN_UNDECLARED_SELECTOR = YES;
				GCC_WARN_UNINITIALIZED_AUTOS = YES_AGGRESSIVE;
				GCC_WARN_UNUSED_FUNCTION = YES;
				GCC_WARN_UNUSED_VARIABLE = YES;
				IPHONEOS_DEPLOYMENT_TARGET = 9.3;
				MTL_ENABLE_DEBUG_INFO = YES;
				ONLY_ACTIVE_ARCH = YES;
				SDKROOT = iphoneos;
				SWIFT_OPTIMIZATION_LEVEL = "-Onone";
				TARGETED_DEVICE_FAMILY = "1,2";
			};
			name = Debug;
		};
		422771121CEC64A2008C9A41 /* Release */ = {
			isa = XCBuildConfiguration;
			buildSettings = {
				ALWAYS_SEARCH_USER_PATHS = NO;
				CLANG_ANALYZER_NONNULL = YES;
				CLANG_CXX_LANGUAGE_STANDARD = "gnu++0x";
				CLANG_CXX_LIBRARY = "libc++";
				CLANG_ENABLE_MODULES = YES;
				CLANG_ENABLE_OBJC_ARC = YES;
				CLANG_WARN_BOOL_CONVERSION = YES;
				CLANG_WARN_CONSTANT_CONVERSION = YES;
				CLANG_WARN_DIRECT_OBJC_ISA_USAGE = YES_ERROR;
				CLANG_WARN_EMPTY_BODY = YES;
				CLANG_WARN_ENUM_CONVERSION = YES;
				CLANG_WARN_INT_CONVERSION = YES;
				CLANG_WARN_OBJC_ROOT_CLASS = YES_ERROR;
				CLANG_WARN_UNREACHABLE_CODE = YES;
				CLANG_WARN__DUPLICATE_METHOD_MATCH = YES;
				"CODE_SIGN_IDENTITY[sdk=iphoneos*]" = "iPhone Developer";
				COPY_PHASE_STRIP = NO;
				DEBUG_INFORMATION_FORMAT = "dwarf-with-dsym";
				ENABLE_NS_ASSERTIONS = NO;
				ENABLE_STRICT_OBJC_MSGSEND = YES;
				GCC_C_LANGUAGE_STANDARD = gnu99;
				GCC_NO_COMMON_BLOCKS = YES;
				GCC_WARN_64_TO_32_BIT_CONVERSION = YES;
				GCC_WARN_ABOUT_RETURN_TYPE = YES_ERROR;
				GCC_WARN_UNDECLARED_SELECTOR = YES;
				GCC_WARN_UNINITIALIZED_AUTOS = YES_AGGRESSIVE;
				GCC_WARN_UNUSED_FUNCTION = YES;
				GCC_WARN_UNUSED_VARIABLE = YES;
				IPHONEOS_DEPLOYMENT_TARGET = 9.3;
				MTL_ENABLE_DEBUG_INFO = NO;
				SDKROOT = iphoneos;
				TARGETED_DEVICE_FAMILY = "1,2";
				VALIDATE_PRODUCT = YES;
			};
			name = Release;
		};
		422771141CEC64A2008C9A41 /* Debug */ = {
			isa = XCBuildConfiguration;
			buildSettings = {
				ASSETCATALOG_COMPILER_APPICON_NAME = AppIcon;
				INFOPLIST_FILE = Onboarding/Info.plist;
				LD_RUNPATH_SEARCH_PATHS = "$(inherited) @executable_path/Frameworks";
				PRODUCT_BUNDLE_IDENTIFIER = iX.Onboarding;
				PRODUCT_NAME = "$(TARGET_NAME)";
			};
			name = Debug;
		};
		422771151CEC64A2008C9A41 /* Release */ = {
			isa = XCBuildConfiguration;
			buildSettings = {
				ASSETCATALOG_COMPILER_APPICON_NAME = AppIcon;
				INFOPLIST_FILE = Onboarding/Info.plist;
				LD_RUNPATH_SEARCH_PATHS = "$(inherited) @executable_path/Frameworks";
				PRODUCT_BUNDLE_IDENTIFIER = iX.Onboarding;
				PRODUCT_NAME = "$(TARGET_NAME)";
			};
			name = Release;
		};
/* End XCBuildConfiguration section */

/* Begin XCConfigurationList section */
		422770FC1CEC64A2008C9A41 /* Build configuration list for PBXProject "Onboarding" */ = {
			isa = XCConfigurationList;
			buildConfigurations = (
				422771111CEC64A2008C9A41 /* Debug */,
				422771121CEC64A2008C9A41 /* Release */,
			);
			defaultConfigurationIsVisible = 0;
			defaultConfigurationName = Release;
		};
		422771131CEC64A2008C9A41 /* Build configuration list for PBXNativeTarget "Onboarding" */ = {
			isa = XCConfigurationList;
			buildConfigurations = (
				422771141CEC64A2008C9A41 /* Debug */,
				422771151CEC64A2008C9A41 /* Release */,
			);
			defaultConfigurationIsVisible = 0;
		};
/* End XCConfigurationList section */
	};
	rootObject = 422770F91CEC64A2008C9A41 /* Project object */;
}
